
Microsoft Visual Studio Solution File, Format Version 12.00
# Visual Studio Version 17
VisualStudioVersion = 17.6.33815.320
MinimumVisualStudioVersion = 10.0.40219.1
Project("{FAE04EC0-301F-11D3-BF4B-00C04F79EFBC}") = "secao7Topicos1", "secao7Topicos1\secao7Topicos1.csproj", "{503BE9D8-2B20-4941-8218-9610C7C8C6CC}"
EndProject
Global
	GlobalSection(SolutionConfigurationPlatforms) = preSolution
		Debug|Any CPU = Debug|Any CPU
		Release|Any CPU = Release|Any CPU
	EndGlobalSection
	GlobalSection(ProjectConfigurationPlatforms) = postSolution
		{503BE9D8-2B20-4941-8218-9610C7C8C6CC}.Debug|Any CPU.ActiveCfg = Debug|Any CPU
		{503BE9D8-2B20-4941-8218-9610C7C8C6CC}.Debug|Any CPU.Build.0 = Debug|Any CPU
		{503BE9D8-2B20-4941-8218-9610C7C8C6CC}.Release|Any CPU.ActiveCfg = Release|Any CPU
		{503BE9D8-2B20-4941-8218-9610C7C8C6CC}.Release|Any CPU.Build.0 = Release|Any CPU
	EndGlobalSection
	GlobalSection(SolutionProperties) = preSolution
		HideSolutionNode = FALSE
	EndGlobalSection
	GlobalSection(ExtensibilityGlobals) = postSolution
		SolutionGuid = {3BFBAAA8-AA55-4487-9E49-F7E6DC30D145}
	EndGlobalSection
EndGlobal
